
Microsoft Visual Studio Solution File, Format Version 12.00
# Visual Studio Version 16
VisualStudioVersion = 16.0.29418.71
MinimumVisualStudioVersion = 10.0.40219.1
Project("{FAE04EC0-301F-11D3-BF4B-00C04F79EFBC}") = "Projekt", "Projekt\Projekt.csproj", "{7612E977-FE01-4C3E-9A09-1793256AD1F4}"
EndProject
Global
	GlobalSection(SolutionConfigurationPlatforms) = preSolution
		Debug|Any CPU = Debug|Any CPU
		Release|Any CPU = Release|Any CPU
	EndGlobalSection
	GlobalSection(ProjectConfigurationPlatforms) = postSolution
		{7612E977-FE01-4C3E-9A09-1793256AD1F4}.Debug|Any CPU.ActiveCfg = Debug|Any CPU
		{7612E977-FE01-4C3E-9A09-1793256AD1F4}.Debug|Any CPU.Build.0 = Debug|Any CPU
		{7612E977-FE01-4C3E-9A09-1793256AD1F4}.Release|Any CPU.ActiveCfg = Release|Any CPU
		{7612E977-FE01-4C3E-9A09-1793256AD1F4}.Release|Any CPU.Build.0 = Release|Any CPU
	EndGlobalSection
	GlobalSection(SolutionProperties) = preSolution
		HideSolutionNode = FALSE
	EndGlobalSection
	GlobalSection(ExtensibilityGlobals) = postSolution
		SolutionGuid = {425C15BF-6F5B-4559-BBC1-709ACBA0EF5D}
	EndGlobalSection
EndGlobal
